Lead/Aurora Lead.vektpreset
Lead/Circuit Lead.vektpreset
Lead/Glass Lead.vektpreset
Lead/Voyager Lead.vektpreset
Bass/Foundation Bass.vektpreset
Bass/Rubber Bass.vektpreset
Bass/Steel Bass.vektpreset
Bass/Subway Bass.vektpreset
Pad/Amber Pad.vektpreset
Pad/Horizon Pad.vektpreset
Pad/Nocturne Pad.vektpreset
Pad/Vapor Pad.vektpreset
Pluck/Copper Pluck.vektpreset
Pluck/Ember Pluck.vektpreset
Pluck/Needle Pluck.vektpreset
Pluck/Slate Pluck.vektpreset
Motion/Current Motion.vektpreset
Motion/Orbit Motion.vektpreset
Motion/Pulse Motion.vektpreset
Motion/Tide Motion.vektpreset
FX/Comet FX.vektpreset
FX/Entropy FX.vektpreset
FX/Polaris FX.vektpreset
FX/Transmission FX.vektpreset
Bass/Classic Three Bass.vektpreset
